Microsoft Visual Studio Solution File, Format Version 12.00
# Visual Studio 2012
Project("{FAE04EC0-301F-11D3-BF4B-00C04F79EFBC}") = "MobileCardGames", "MobileCardGames.csproj", "{45E8366E-BA71-4BAE-A0A2-0B67593A76AC}"
EndProject
Global
	GlobalSection(SolutionConfigurationPlatforms) = preSolution
	Debug|Any CPU = Debug|Any CPU
	ExportDebug|Any CPU = ExportDebug|Any CPU
	ExportRelease|Any CPU = ExportRelease|Any CPU
	EndGlobalSection
	GlobalSection(ProjectConfigurationPlatforms) = postSolution
		{45E8366E-BA71-4BAE-A0A2-0B67593A76AC}.Debug|Any CPU.ActiveCfg = Debug|Any CPU
		{45E8366E-BA71-4BAE-A0A2-0B67593A76AC}.Debug|Any CPU.Build.0 = Debug|Any CPU
		{45E8366E-BA71-4BAE-A0A2-0B67593A76AC}.ExportDebug|Any CPU.ActiveCfg = ExportDebug|Any CPU
		{45E8366E-BA71-4BAE-A0A2-0B67593A76AC}.ExportDebug|Any CPU.Build.0 = ExportDebug|Any CPU
		{45E8366E-BA71-4BAE-A0A2-0B67593A76AC}.ExportRelease|Any CPU.ActiveCfg = ExportRelease|Any CPU
		{45E8366E-BA71-4BAE-A0A2-0B67593A76AC}.ExportRelease|Any CPU.Build.0 = ExportRelease|Any CPU
	EndGlobalSection
EndGlobal
